// !$*UTF8*$!
{
	archiveVersion = 1;
	classes = {
	};
	objectVersion = 46;
	objects = {

/* Begin PBXBuildFile section */
		5A94BB271C7D945E00AF6485 /* AppDelegate.swift in Sources */ = {isa = PBXBuildFile; fileRef = 5A94BB211C7D945E00AF6485 /* AppDelegate.swift */; };
		5A94BB281C7D945E00AF6485 /* End.swift in Sources */ = {isa = PBXBuildFile; fileRef = 5A94BB221C7D945E00AF6485 /* End.swift */; };
		5A94BB291C7D945E00AF6485 /* GameScene.sks in Resources */ = {isa = PBXBuildFile; fileRef = 5A94BB231C7D945E00AF6485 /* GameScene.sks */; };
		5A94BB2A1C7D945E00AF6485 /* GameScene.swift in Sources */ = {isa = PBXBuildFile; fileRef = 5A94BB241C7D945E00AF6485 /* GameScene.swift */; };
		5A94BB2B1C7D945E00AF6485 /* GameViewController.swift in Sources */ = {isa = PBXBuildFile; fileRef = 5A94BB251C7D945E00AF6485 /* GameViewController.swift */; };
		5A94BB2C1C7D945E00AF6485 /* Pong.swift in Sources */ = {isa = PBXBuildFile; fileRef = 5A94BB261C7D945E00AF6485 /* Pong.swift */; };
		5A94BB2F1C7D94B100AF6485 /* LaunchScreen.xib in Resources */ = {isa = PBXBuildFile; fileRef = 5A94BB2D1C7D94B100AF6485 /* LaunchScreen.xib */; };
		5A94BB301C7D94B100AF6485 /* Main.storyboard in Resources */ = {isa = PBXBuildFile; fileRef = 5A94BB2E1C7D94B100AF6485 /* Main.storyboard */; };
		5A94BB321C7D94CD00AF6485 /* Images.xcassets in Resources */ = {isa = PBXBuildFile; fileRef = 5A94BB311C7D94CD00AF6485 /* Images.xcassets */; };
		5A94BB381C7D953B00AF6485 /* app_game_interactive_alert_tone_026.mp3 in Resources */ = {isa = PBXBuildFile; fileRef = 5A94BB341C7D953B00AF6485 /* app_game_interactive_alert_tone_026.mp3 */; };
		5A94BB391C7D953B00AF6485 /* blip.caf in Resources */ = {isa = PBXBuildFile; fileRef = 5A94BB351C7D953B00AF6485 /* blip.caf */; };
		5A94BB3A1C7D953B00AF6485 /* gameover.caf in Resources */ = {isa = PBXBuildFile; fileRef = 5A94BB361C7D953B00AF6485 /* gameover.caf */; };
		5A94BB3B1C7D953B00AF6485 /* synth_stab.mp3 in Resources */ = {isa = PBXBuildFile; fileRef = 5A94BB371C7D953B00AF6485 /* synth_stab.mp3 */; };
/* End PBXBuildFile section */

/* Begin PBXFileReference section */
		5A94BB0B1C7D943A00AF6485 /* Pong.app */ = {isa = PBXFileReference; explicitFileType = wrapper.application; includeInIndex = 0; path = Pong.app; sourceTree = BUILT_PRODUCTS_DIR; };
		5A94BB1A1C7D943A00AF6485 /* Info.plist */ = {isa = PBXFileReference; lastKnownFileType = text.plist.xml; path = Info.plist; sourceTree = "<group>"; };
		5A94BB201C7D945D00AF6485 /* Pong-Bridging-Header.h */ = {isa = PBXFileReference; lastKnownFileType = sourcecode.c.h; path = "Pong-Bridging-Header.h"; sourceTree = "<group>"; };
		5A94BB211C7D945E00AF6485 /* AppDelegate.swift */ = {isa = PBXFileReference; fileEncoding = 4; lastKnownFileType = sourcecode.swift; path = AppDelegate.swift; sourceTree = "<group>"; };
		5A94BB221C7D945E00AF6485 /* End.swift */ = {isa = PBXFileReference; fileEncoding = 4; lastKnownFileType = sourcecode.swift; path = End.swift; sourceTree = "<group>"; };
		5A94BB231C7D945E00AF6485 /* GameScene.sks */ = {isa = PBXFileReference; lastKnownFileType = file.sks; path = GameScene.sks; sourceTree = "<group>"; };
		5A94BB241C7D945E00AF6485 /* GameScene.swift */ = {isa = PBXFileReference; fileEncoding = 4; lastKnownFileType = sourcecode.swift; path = GameScene.swift; sourceTree = "<group>"; };
		5A94BB251C7D945E00AF6485 /* GameViewController.swift */ = {isa = PBXFileReference; fileEncoding = 4; lastKnownFileType = sourcecode.swift; path = GameViewController.swift; sourceTree = "<group>"; };
		5A94BB261C7D945E00AF6485 /* Pong.swift */ = {isa = PBXFileReference; fileEncoding = 4; lastKnownFileType = sourcecode.swift; path = Pong.swift; sourceTree = "<group>"; };
		5A94BB2D1C7D94B100AF6485 /* LaunchScreen.xib */ = {isa = PBXFileReference; fileEncoding = 4; lastKnownFileType = file.xib; path = LaunchScreen.xib; sourceTree = "<group>"; };
		5A94BB2E1C7D94B100AF6485 /* Main.storyboard */ = {isa = PBXFileReference; fileEncoding = 4; lastKnownFileType = file.storyboard; path = Main.storyboard; sourceTree = "<group>"; };
		5A94BB311C7D94CD00AF6485 /* Images.xcassets */ = {isa = PBXFileReference; lastKnownFileType = folder.assetcatalog; path = Images.xcassets; sourceTree = "<group>"; };
		5A94BB341C7D953B00AF6485 /* app_game_interactive_alert_tone_026.mp3 */ = {isa = PBXFileReference; lastKnownFileType = audio.mp3; path = app_game_interactive_alert_tone_026.mp3; sourceTree = "<group>"; };
		5A94BB351C7D953B00AF6485 /* blip.caf */ = {isa = PBXFileReference; lastKnownFileType = file; path = blip.caf; sourceTree = "<group>"; };
		5A94BB361C7D953B00AF6485 /* gameover.caf */ = {isa = PBXFileReference; lastKnownFileType = file; path = gameover.caf; sourceTree = "<group>"; };
		5A94BB371C7D953B00AF6485 /* synth_stab.mp3 */ = {isa = PBXFileReference; lastKnownFileType = audio.mp3; path = synth_stab.mp3; sourceTree = "<group>"; };
/* End PBXFileReference section */

/* Begin PBXFrameworksBuildPhase section */
		5A94BB081C7D943A00AF6485 /* Frameworks */ = {
			isa = PBXFrameworksBuildPhase;
			buildActionMask = 2147483647;
			files = (
			);
			runOnlyForDeploymentPostprocessing = 0;
		};
/* End PBXFrameworksBuildPhase section */

/* Begin PBXGroup section */
		5A94BB021C7D943A00AF6485 = {
			isa = PBXGroup;
			children = (
				5A94BB0D1C7D943A00AF6485 /* Pong */,
				5A94BB0C1C7D943A00AF6485 /* Products */,
			);
			sourceTree = "<group>";
		};
		5A94BB0C1C7D943A00AF6485 /* Products */ = {
			isa = PBXGroup;
			children = (
				5A94BB0B1C7D943A00AF6485 /* Pong.app */,
			);
			name = Products;
			sourceTree = "<group>";
		};
		5A94BB0D1C7D943A00AF6485 /* Pong */ = {
			isa = PBXGroup;
			children = (
				5A94BB211C7D945E00AF6485 /* AppDelegate.swift */,
				5A94BB221C7D945E00AF6485 /* End.swift */,
				5A94BB231C7D945E00AF6485 /* GameScene.sks */,
				5A94BB241C7D945E00AF6485 /* GameScene.swift */,
				5A94BB251C7D945E00AF6485 /* GameViewController.swift */,
				5A94BB261C7D945E00AF6485 /* Pong.swift */,
				5A94BB2D1C7D94B100AF6485 /* LaunchScreen.xib */,
				5A94BB2E1C7D94B100AF6485 /* Main.storyboard */,
				5A94BB331C7D953B00AF6485 /* Sound */,
				5A94BB311C7D94CD00AF6485 /* Images.xcassets */,
				5A94BB1A1C7D943A00AF6485 /* Info.plist */,
				5A94BB201C7D945D00AF6485 /* Pong-Bridging-Header.h */,
			);
			path = Pong;
			sourceTree = "<group>";
		};
		5A94BB331C7D953B00AF6485 /* Sound */ = {
			isa = PBXGroup;
			children = (
				5A94BB341C7D953B00AF6485 /* app_game_interactive_alert_tone_026.mp3 */,
				5A94BB351C7D953B00AF6485 /* blip.caf */,
				5A94BB361C7D953B00AF6485 /* gameover.caf */,
				5A94BB371C7D953B00AF6485 /* synth_stab.mp3 */,
			);
			path = Sound;
			sourceTree = "<group>";
		};
/* End PBXGroup section */

/* Begin PBXNativeTarget section */
		5A94BB0A1C7D943A00AF6485 /* Pong */ = {
			isa = PBXNativeTarget;
			buildConfigurationList = 5A94BB1D1C7D943A00AF6485 /* Build configuration list for PBXNativeTarget "Pong" */;
			buildPhases = (
				5A94BB071C7D943A00AF6485 /* Sources */,
				5A94BB081C7D943A00AF6485 /* Frameworks */,
				5A94BB091C7D943A00AF6485 /* Resources */,
			);
			buildRules = (
			);
			dependencies = (
			);
			name = Pong;
			productName = Pong;
			productReference = 5A94BB0B1C7D943A00AF6485 /* Pong.app */;
			productType = "com.apple.product-type.application";
		};
/* End PBXNativeTarget section */

/* Begin PBXProject section */
		5A94BB031C7D943A00AF6485 /* Project object */ = {
			isa = PBXProject;
			attributes = {
				LastSwiftUpdateCheck = 0720;
				LastUpgradeCheck = 0800;
				ORGANIZATIONNAME = artyomd;
				TargetAttributes = {
					5A94BB0A1C7D943A00AF6485 = {
						CreatedOnToolsVersion = 7.2.1;
						DevelopmentTeam = M43P2TJ7B8;
						LastSwiftMigration = 0800;
					};
				};
			};
			buildConfigurationList = 5A94BB061C7D943A00AF6485 /* Build configuration list for PBXProject "Pong" */;
			compatibilityVersion = "Xcode 3.2";
			developmentRegion = English;
			hasScannedForEncodings = 0;
			knownRegions = (
				en,
				Base,
			);
			mainGroup = 5A94BB021C7D943A00AF6485;
			productRefGroup = 5A94BB0C1C7D943A00AF6485 /* Products */;
			projectDirPath = "";
			projectRoot = "";
			targets = (
				5A94BB0A1C7D943A00AF6485 /* Pong */,
			);
		};
/* End PBXProject section */

/* Begin PBXResourcesBuildPhase section */
		5A94BB091C7D943A00AF6485 /* Resources */ = {
			isa = PBXResourcesBuildPhase;
			buildActionMask = 2147483647;
			files = (
				5A94BB291C7D945E00AF6485 /* GameScene.sks in Resources */,
				5A94BB321C7D94CD00AF6485 /* Images.xcassets in Resources */,
				5A94BB2F1C7D94B100AF6485 /* LaunchScreen.xib in Resources */,
				5A94BB3B1C7D953B00AF6485 /* synth_stab.mp3 in Resources */,
				5A94BB391C7D953B00AF6485 /* blip.caf in Resources */,
				5A94BB381C7D953B00AF6485 /* app_game_interactive_alert_tone_026.mp3 in Resources */,
				5A94BB3A1C7D953B00AF6485 /* gameover.caf in Resources */,
				5A94BB301C7D94B100AF6485 /* Main.storyboard in Resources */,
			);
			runOnlyForDeploymentPostprocessing = 0;
		};
/* End PBXResourcesBuildPhase section */

/* Begin PBXSourcesBuildPhase section */
		5A94BB071C7D943A00AF6485 /* Sources */ = {
			isa = PBXSourcesBuildPhase;
			buildActionMask = 2147483647;
			files = (
				5A94BB2B1C7D945E00AF6485 /* GameViewController.swift in Sources */,
				5A94BB2A1C7D945E00AF6485 /* GameScene.swift in Sources */,
				5A94BB271C7D945E00AF6485 /* AppDelegate.swift in Sources */,
				5A94BB281C7D945E00AF6485 /* End.swift in Sources */,
				5A94BB2C1C7D945E00AF6485 /* Pong.swift in Sources */,
			);
			runOnlyForDeploymentPostprocessing = 0;
		};
/* End PBXSourcesBuildPhase section */

/* Begin XCBuildConfiguration section */
		5A94BB1B1C7D943A00AF6485 /* Debug */ = {
			isa = XCBuildConfiguration;
			buildSettings = {
				ALWAYS_SEARCH_USER_PATHS = NO;
				CLANG_CXX_LANGUAGE_STANDARD = "gnu++0x";
				CLANG_CXX_LIBRARY = "libc++";
				CLANG_ENABLE_MODULES = YES;
				CLANG_ENABLE_OBJC_ARC = YES;
				CLANG_WARN_BOOL_CONVERSION = YES;
				CLANG_WARN_CONSTANT_CONVERSION = YES;
				CLANG_WARN_DIRECT_OBJC_ISA_USAGE = YES_ERROR;
				CLANG_WARN_EMPTY_BODY = YES;
				CLANG_WARN_ENUM_CONVERSION = YES;
				CLANG_WARN_INFINITE_RECURSION = YES;
				CLANG_WARN_INT_CONVERSION = YES;
				CLANG_WARN_OBJC_ROOT_CLASS = YES_ERROR;
				CLANG_WARN_SUSPICIOUS_MOVE = YES;
				CLANG_WARN_UNREACHABLE_CODE = YES;
				CLANG_WARN__DUPLICATE_METHOD_MATCH = YES;
				"CODE_SIGN_IDENTITY[sdk=iphoneos*]" = "iPhone Developer";
				COPY_PHASE_STRIP = NO;
				DEBUG_INFORMATION_FORMAT = dwarf;
				ENABLE_STRICT_OBJC_MSGSEND = YES;
				ENABLE_TESTABILITY = YES;
				GCC_C_LANGUAGE_STANDARD = gnu99;
				GCC_DYNAMIC_NO_PIC = NO;
				GCC_NO_COMMON_BLOCKS = YES;
				GCC_OPTIMIZATION_LEVEL = 0;
				GCC_PREPROCESSOR_DEFINITIONS = (
					"DEBUG=1",
					"$(inherited)",
				);
				GCC_WARN_64_TO_32_BIT_CONVERSION = YES;
				GCC_WARN_ABOUT_RETURN_TYPE = YES_ERROR;
				GCC_WARN_UNDECLARED_SELECTOR = YES;
				GCC_WARN_UNINITIALIZED_AUTOS = YES_AGGRESSIVE;
				GCC_WARN_UNUSED_FUNCTION = YES;
				GCC_WARN_UNUSED_VARIABLE = YES;
				IPHONEOS_DEPLOYMENT_TARGET = 9.2;
				MTL_ENABLE_DEBUG_INFO = YES;
				ONLY_ACTIVE_ARCH = YES;
				SDKROOT = iphoneos;
				SWIFT_OPTIMIZATION_LEVEL = "-Onone";
				TARGETED_DEVICE_FAMILY = "1,2";
			};
			name = Debug;
		};
		5A94BB1C1C7D943A00AF6485 /* Release */ = {
			isa = XCBuildConfiguration;
			buildSettings = {
				ALWAYS_SEARCH_USER_PATHS = NO;
				CLANG_CXX_LANGUAGE_STANDARD = "gnu++0x";
				CLANG_CXX_LIBRARY = "libc++";
				CLANG_ENABLE_MODULES = YES;
				CLANG_ENABLE_OBJC_ARC = YES;
				CLANG_WARN_BOOL_CONVERSION = YES;
				CLANG_WARN_CONSTANT_CONVERSION = YES;
				CLANG_WARN_DIRECT_OBJC_ISA_USAGE = YES_ERROR;
				CLANG_WARN_EMPTY_BODY = YES;
				CLANG_WARN_ENUM_CONVERSION = YES;
				CLANG_WARN_INFINITE_RECURSION = YES;
				CLANG_WARN_INT_CONVERSION = YES;
				CLANG_WARN_OBJC_ROOT_CLASS = YES_ERROR;
				CLANG_WARN_SUSPICIOUS_MOVE = YES;
				CLANG_WARN_UNREACHABLE_CODE = YES;
				CLANG_WARN__DUPLICATE_METHOD_MATCH = YES;
				"CODE_SIGN_IDENTITY[sdk=iphoneos*]" = "iPhone Developer";
				COPY_PHASE_STRIP = NO;
				DEBUG_INFORMATION_FORMAT = "dwarf-with-dsym";
				ENABLE_NS_ASSERTIONS = NO;
				ENABLE_STRICT_OBJC_MSGSEND = YES;
				GCC_C_LANGUAGE_STANDARD = gnu99;
				GCC_NO_COMMON_BLOCKS = YES;
				GCC_WARN_64_TO_32_BIT_CONVERSION = YES;
				GCC_WARN_ABOUT_RETURN_TYPE = YES_ERROR;
				GCC_WARN_UNDECLARED_SELECTOR = YES;
				GCC_WARN_UNINITIALIZED_AUTOS = YES_AGGRESSIVE;
				GCC_WARN_UNUSED_FUNCTION = YES;
				GCC_WARN_UNUSED_VARIABLE = YES;
				IPHONEOS_DEPLOYMENT_TARGET = 9.2;
				MTL_ENABLE_DEBUG_INFO = NO;
				SDKROOT = iphoneos;
				SWIFT_OPTIMIZATION_LEVEL = "-Owholemodule";
				TARGETED_DEVICE_FAMILY = "1,2";
				VALIDATE_PRODUCT = YES;
			};
			name = Release;
		};
		5A94BB1E1C7D943A00AF6485 /* Debug */ = {
			isa = XCBuildConfiguration;
			buildSettings = {
				ASSETCATALOG_COMPILER_APPICON_NAME = "AppIcon-2";
				ASSETCATALOG_COMPILER_LAUNCHIMAGE_NAME = "Brand Assets";
				CLANG_ENABLE_MODULES = YES;
				INFOPLIST_FILE = Pong/Info.plist;
				LD_RUNPATH_SEARCH_PATHS = "$(inherited) @executable_path/Frameworks";
				PRODUCT_BUNDLE_IDENTIFIER = com.artyomd.ios.Pong;
				PRODUCT_NAME = "$(TARGET_NAME)";
				SWIFT_OBJC_BRIDGING_HEADER = "Pong/Pong-Bridging-Header.h";
				SWIFT_OPTIMIZATION_LEVEL = "-Onone";
				SWIFT_VERSION = 3.0;
			};
			name = Debug;
		};
		5A94BB1F1C7D943A00AF6485 /* Release */ = {
			isa = XCBuildConfiguration;
			buildSettings = {
				ASSETCATALOG_COMPILER_APPICON_NAME = "AppIcon-2";
				ASSETCATALOG_COMPILER_LAUNCHIMAGE_NAME = "Brand Assets";
				CLANG_ENABLE_MODULES = YES;
				INFOPLIST_FILE = Pong/Info.plist;
				LD_RUNPATH_SEARCH_PATHS = "$(inherited) @executable_path/Frameworks";
				PRODUCT_BUNDLE_IDENTIFIER = com.artyomd.ios.Pong;
				PRODUCT_NAME = "$(TARGET_NAME)";
				SWIFT_OBJC_BRIDGING_HEADER = "Pong/Pong-Bridging-Header.h";
				SWIFT_VERSION = 3.0;
			};
			name = Release;
		};
/* End XCBuildConfiguration section */

/* Begin XCConfigurationList section */
		5A94BB061C7D943A00AF6485 /* Build configuration list for PBXProject "Pong" */ = {
			isa = XCConfigurationList;
			buildConfigurations = (
				5A94BB1B1C7D943A00AF6485 /* Debug */,
				5A94BB1C1C7D943A00AF6485 /* Release */,
			);
			defaultConfigurationIsVisible = 0;
			defaultConfigurationName = Release;
		};
		5A94BB1D1C7D943A00AF6485 /* Build configuration list for PBXNativeTarget "Pong" */ = {
			isa = XCConfigurationList;
			buildConfigurations = (
				5A94BB1E1C7D943A00AF6485 /* Debug */,
				5A94BB1F1C7D943A00AF6485 /* Release */,
			);
			defaultConfigurationIsVisible = 0;
			defaultConfigurationName = Release;
		};
/* End XCConfigurationList section */
	};
	rootObject = 5A94BB031C7D943A00AF6485 /* Project object */;
}
